// !$*UTF8*$!
{
	archiveVersion = 1;
	classes = {
	};
	objectVersion = 50;
	objects = {

/* Begin PBXBuildFile section */
		E3EF29CE251FBC47007057BB /* AppDelegate.swift in Sources */ = {isa = PBXBuildFile; fileRef = E3EF29CD251FBC47007057BB /* AppDelegate.swift */; };
		E3EF29D0251FBC47007057BB /* SceneDelegate.swift in Sources */ = {isa = PBXBuildFile; fileRef = E3EF29CF251FBC47007057BB /* SceneDelegate.swift */; };
		E3EF29D2251FBC47007057BB /* ViewController.swift in Sources */ = {isa = PBXBuildFile; fileRef = E3EF29D1251FBC47007057BB /* ViewController.swift */; };
		E3EF29D5251FBC47007057BB /* Main.storyboard in Resources */ = {isa = PBXBuildFile; fileRef = E3EF29D3251FBC47007057BB /* Main.storyboard */; };
		E3EF29D7251FBC4A007057BB /* Assets.xcassets in Resources */ = {isa = PBXBuildFile; fileRef = E3EF29D6251FBC4A007057BB /* Assets.xcassets */; };
		E3EF29DA251FBC4A007057BB /* LaunchScreen.storyboard in Resources */ = {isa = PBXBuildFile; fileRef = E3EF29D8251FBC4A007057BB /* LaunchScreen.storyboard */; };
		E3EF29E2251FBFFB007057BB /* CoinManager.swift in Sources */ = {isa = PBXBuildFile; fileRef = E3EF29E1251FBFFB007057BB /* CoinManager.swift */; };
		E3EF29E4251FC915007057BB /* CoinModel.swift in Sources */ = {isa = PBXBuildFile; fileRef = E3EF29E3251FC915007057BB /* CoinModel.swift */; };
/* End PBXBuildFile section */

/* Begin PBXFileReference section */
		E3EF29CA251FBC47007057BB /* ByteCoin.app */ = {isa = PBXFileReference; explicitFileType = wrapper.application; includeInIndex = 0; path = ByteCoin.app; sourceTree = BUILT_PRODUCTS_DIR; };
		E3EF29CD251FBC47007057BB /* AppDelegate.swift */ = {isa = PBXFileReference; lastKnownFileType = sourcecode.swift; path = AppDelegate.swift; sourceTree = "<group>"; };
		E3EF29CF251FBC47007057BB /* SceneDelegate.swift */ = {isa = PBXFileReference; lastKnownFileType = sourcecode.swift; path = SceneDelegate.swift; sourceTree = "<group>"; };
		E3EF29D1251FBC47007057BB /* ViewController.swift */ = {isa = PBXFileReference; lastKnownFileType = sourcecode.swift; path = ViewController.swift; sourceTree = "<group>"; };
		E3EF29D4251FBC47007057BB /* Base */ = {isa = PBXFileReference; lastKnownFileType = file.storyboard; name = Base; path = Base.lproj/Main.storyboard; sourceTree = "<group>"; };
		E3EF29D6251FBC4A007057BB /* Assets.xcassets */ = {isa = PBXFileReference; lastKnownFileType = folder.assetcatalog; path = Assets.xcassets; sourceTree = "<group>"; };
		E3EF29D9251FBC4A007057BB /* Base */ = {isa = PBXFileReference; lastKnownFileType = file.storyboard; name = Base; path = Base.lproj/LaunchScreen.storyboard; sourceTree = "<group>"; };
		E3EF29DB251FBC4A007057BB /* Info.plist */ = {isa = PBXFileReference; lastKnownFileType = text.plist.xml; path = Info.plist; sourceTree = "<group>"; };
		E3EF29E1251FBFFB007057BB /* CoinManager.swift */ = {isa = PBXFileReference; lastKnownFileType = sourcecode.swift; path = CoinManager.swift; sourceTree = "<group>"; };
		E3EF29E3251FC915007057BB /* CoinModel.swift */ = {isa = PBXFileReference; lastKnownFileType = sourcecode.swift; path = CoinModel.swift; sourceTree = "<group>"; };
/* End PBXFileReference section */

/* Begin PBXFrameworksBuildPhase section */
		E3EF29C7251FBC47007057BB /* Frameworks */ = {
			isa = PBXFrameworksBuildPhase;
			buildActionMask = 2147483647;
			files = (
			);
			runOnlyForDeploymentPostprocessing = 0;
		};
/* End PBXFrameworksBuildPhase section */

/* Begin PBXGroup section */
		E3EF29C1251FBC47007057BB = {
			isa = PBXGroup;
			children = (
				E3EF29CC251FBC47007057BB /* ByteCoin */,
				E3EF29CB251FBC47007057BB /* Products */,
			);
			sourceTree = "<group>";
		};
		E3EF29CB251FBC47007057BB /* Products */ = {
			isa = PBXGroup;
			children = (
				E3EF29CA251FBC47007057BB /* ByteCoin.app */,
			);
			name = Products;
			sourceTree = "<group>";
		};
		E3EF29CC251FBC47007057BB /* ByteCoin */ = {
			isa = PBXGroup;
			children = (
				E3EF29CD251FBC47007057BB /* AppDelegate.swift */,
				E3EF29CF251FBC47007057BB /* SceneDelegate.swift */,
				E3EF29D1251FBC47007057BB /* ViewController.swift */,
				E3EF29D3251FBC47007057BB /* Main.storyboard */,
				E3EF29D6251FBC4A007057BB /* Assets.xcassets */,
				E3EF29D8251FBC4A007057BB /* LaunchScreen.storyboard */,
				E3EF29DB251FBC4A007057BB /* Info.plist */,
				E3EF29E1251FBFFB007057BB /* CoinManager.swift */,
				E3EF29E3251FC915007057BB /* CoinModel.swift */,
			);
			path = ByteCoin;
			sourceTree = "<group>";
		};
/* End PBXGroup section */

/* Begin PBXNativeTarget section */
		E3EF29C9251FBC47007057BB /* ByteCoin */ = {
			isa = PBXNativeTarget;
			buildConfigurationList = E3EF29DE251FBC4A007057BB /* Build configuration list for PBXNativeTarget "ByteCoin" */;
			buildPhases = (
				E3EF29C6251FBC47007057BB /* Sources */,
				E3EF29C7251FBC47007057BB /* Frameworks */,
				E3EF29C8251FBC47007057BB /* Resources */,
			);
			buildRules = (
			);
			dependencies = (
			);
			name = ByteCoin;
			productName = ByteCoin;
			productReference = E3EF29CA251FBC47007057BB /* ByteCoin.app */;
			productType = "com.apple.product-type.application";
		};
/* End PBXNativeTarget section */

/* Begin PBXProject section */
		E3EF29C2251FBC47007057BB /* Project object */ = {
			isa = PBXProject;
			attributes = {
				LastSwiftUpdateCheck = 1170;
				LastUpgradeCheck = 1170;
				ORGANIZATIONNAME = ahmetguvez;
				TargetAttributes = {
					E3EF29C9251FBC47007057BB = {
						CreatedOnToolsVersion = 11.7;
					};
				};
			};
			buildConfigurationList = E3EF29C5251FBC47007057BB /* Build configuration list for PBXProject "ByteCoin" */;
			compatibilityVersion = "Xcode 9.3";
			developmentRegion = en;
			hasScannedForEncodings = 0;
			knownRegions = (
				en,
				Base,
			);
			mainGroup = E3EF29C1251FBC47007057BB;
			productRefGroup = E3EF29CB251FBC47007057BB /* Products */;
			projectDirPath = "";
			projectRoot = "";
			targets = (
				E3EF29C9251FBC47007057BB /* ByteCoin */,
			);
		};
/* End PBXProject section */

/* Begin PBXResourcesBuildPhase section */
		E3EF29C8251FBC47007057BB /* Resources */ = {
			isa = PBXResourcesBuildPhase;
			buildActionMask = 2147483647;
			files = (
				E3EF29DA251FBC4A007057BB /* LaunchScreen.storyboard in Resources */,
				E3EF29D7251FBC4A007057BB /* Assets.xcassets in Resources */,
				E3EF29D5251FBC47007057BB /* Main.storyboard in Resources */,
			);
			runOnlyForDeploymentPostprocessing = 0;
		};
/* End PBXResourcesBuildPhase section */

/* Begin PBXSourcesBuildPhase section */
		E3EF29C6251FBC47007057BB /* Sources */ = {
			isa = PBXSourcesBuildPhase;
			buildActionMask = 2147483647;
			files = (
				E3EF29E4251FC915007057BB /* CoinModel.swift in Sources */,
				E3EF29E2251FBFFB007057BB /* CoinManager.swift in Sources */,
				E3EF29D2251FBC47007057BB /* ViewController.swift in Sources */,
				E3EF29CE251FBC47007057BB /* AppDelegate.swift in Sources */,
				E3EF29D0251FBC47007057BB /* SceneDelegate.swift in Sources */,
			);
			runOnlyForDeploymentPostprocessing = 0;
		};
/* End PBXSourcesBuildPhase section */

/* Begin PBXVariantGroup section */
		E3EF29D3251FBC47007057BB /* Main.storyboard */ = {
			isa = PBXVariantGroup;
			children = (
				E3EF29D4251FBC47007057BB /* Base */,
			);
			name = Main.storyboard;
			sourceTree = "<group>";
		};
		E3EF29D8251FBC4A007057BB /* LaunchScreen.storyboard */ = {
			isa = PBXVariantGroup;
			children = (
				E3EF29D9251FBC4A007057BB /* Base */,
			);
			name = LaunchScreen.storyboard;
			sourceTree = "<group>";
		};
/* End PBXVariantGroup section */

/* Begin XCBuildConfiguration section */
		E3EF29DC251FBC4A007057BB /* Debug */ = {
			isa = XCBuildConfiguration;
			buildSettings = {
				ALWAYS_SEARCH_USER_PATHS = NO;
				CLANG_ANALYZER_NONNULL = YES;
				CLANG_ANALYZER_NUMBER_OBJECT_CONVERSION = YES_AGGRESSIVE;
				CLANG_CXX_LANGUAGE_STANDARD = "gnu++14";
				CLANG_CXX_LIBRARY = "libc++";
				CLANG_ENABLE_MODULES = YES;
				CLANG_ENABLE_OBJC_ARC = YES;
				CLANG_ENABLE_OBJC_WEAK = YES;
				CLANG_WARN_BLOCK_CAPTURE_AUTORELEASING = YES;
				CLANG_WARN_BOOL_CONVERSION = YES;
				CLANG_WARN_COMMA = YES;
				CLANG_WARN_CONSTANT_CONVERSION = YES;
				CLANG_WARN_DEPRECATED_OBJC_IMPLEMENTATIONS = YES;
				CLANG_WARN_DIRECT_OBJC_ISA_USAGE = YES_ERROR;
				CLANG_WARN_DOCUMENTATION_COMMENTS = YES;
				CLANG_WARN_EMPTY_BODY = YES;
				CLANG_WARN_ENUM_CONVERSION = YES;
				CLANG_WARN_INFINITE_RECURSION = YES;
				CLANG_WARN_INT_CONVERSION = YES;
				CLANG_WARN_NON_LITERAL_NULL_CONVERSION = YES;
				CLANG_WARN_OBJC_IMPLICIT_RETAIN_SELF = YES;
				CLANG_WARN_OBJC_LITERAL_CONVERSION = YES;
				CLANG_WARN_OBJC_ROOT_CLASS = YES_ERROR;
				CLANG_WARN_RANGE_LOOP_ANALYSIS = YES;
				CLANG_WARN_STRICT_PROTOTYPES = YES;
				CLANG_WARN_SUSPICIOUS_MOVE = YES;
				CLANG_WARN_UNGUARDED_AVAILABILITY = YES_AGGRESSIVE;
				CLANG_WARN_UNREACHABLE_CODE = YES;
				CLANG_WARN__DUPLICATE_METHOD_MATCH = YES;
				COPY_PHASE_STRIP = NO;
				DEBUG_INFORMATION_FORMAT = dwarf;
				ENABLE_STRICT_OBJC_MSGSEND = YES;
				ENABLE_TESTABILITY = YES;
				GCC_C_LANGUAGE_STANDARD = gnu11;
				GCC_DYNAMIC_NO_PIC = NO;
				GCC_NO_COMMON_BLOCKS = YES;
				GCC_OPTIMIZATION_LEVEL = 0;
				GCC_PREPROCESSOR_DEFINITIONS = (
					"DEBUG=1",
					"$(inherited)",
				);
				GCC_WARN_64_TO_32_BIT_CONVERSION = YES;
				GCC_WARN_ABOUT_RETURN_TYPE = YES_ERROR;
				GCC_WARN_UNDECLARED_SELECTOR = YES;
				GCC_WARN_UNINITIALIZED_AUTOS = YES_AGGRESSIVE;
				GCC_WARN_UNUSED_FUNCTION = YES;
				GCC_WARN_UNUSED_VARIABLE = YES;
				IPHONEOS_DEPLOYMENT_TARGET = 13.7;
				MTL_ENABLE_DEBUG_INFO = INCLUDE_SOURCE;
				MTL_FAST_MATH = YES;
				ONLY_ACTIVE_ARCH = YES;
				SDKROOT = iphoneos;
				SWIFT_ACTIVE_COMPILATION_CONDITIONS = DEBUG;
				SWIFT_OPTIMIZATION_LEVEL = "-Onone";
			};
			name = Debug;
		};
		E3EF29DD251FBC4A007057BB /* Release */ = {
			isa = XCBuildConfiguration;
			buildSettings = {
				ALWAYS_SEARCH_USER_PATHS = NO;
				CLANG_ANALYZER_NONNULL = YES;
				CLANG_ANALYZER_NUMBER_OBJECT_CONVERSION = YES_AGGRESSIVE;
				CLANG_CXX_LANGUAGE_STANDARD = "gnu++14";
				CLANG_CXX_LIBRARY = "libc++";
				CLANG_ENABLE_MODULES = YES;
				CLANG_ENABLE_OBJC_ARC = YES;
				CLANG_ENABLE_OBJC_WEAK = YES;
				CLANG_WARN_BLOCK_CAPTURE_AUTORELEASING = YES;
				CLANG_WARN_BOOL_CONVERSION = YES;
				CLANG_WARN_COMMA = YES;
				CLANG_WARN_CONSTANT_CONVERSION = YES;
				CLANG_WARN_DEPRECATED_OBJC_IMPLEMENTATIONS = YES;
				CLANG_WARN_DIRECT_OBJC_ISA_USAGE = YES_ERROR;
				CLANG_WARN_DOCUMENTATION_COMMENTS = YES;
				CLANG_WARN_EMPTY_BODY = YES;
				CLANG_WARN_ENUM_CONVERSION = YES;
				CLANG_WARN_INFINITE_RECURSION = YES;
				CLANG_WARN_INT_CONVERSION = YES;
				CLANG_WARN_NON_LITERAL_NULL_CONVERSION = YES;
				CLANG_WARN_OBJC_IMPLICIT_RETAIN_SELF = YES;
				CLANG_WARN_OBJC_LITERAL_CONVERSION = YES;
				CLANG_WARN_OBJC_ROOT_CLASS = YES_ERROR;
				CLANG_WARN_RANGE_LOOP_ANALYSIS = YES;
				CLANG_WARN_STRICT_PROTOTYPES = YES;
				CLANG_WARN_SUSPICIOUS_MOVE = YES;
				CLANG_WARN_UNGUARDED_AVAILABILITY = YES_AGGRESSIVE;
				CLANG_WARN_UNREACHABLE_CODE = YES;
				CLANG_WARN__DUPLICATE_METHOD_MATCH = YES;
				COPY_PHASE_STRIP = NO;
				DEBUG_INFORMATION_FORMAT = "dwarf-with-dsym";
				ENABLE_NS_ASSERTIONS = NO;
				ENABLE_STRICT_OBJC_MSGSEND = YES;
				GCC_C_LANGUAGE_STANDARD = gnu11;
				GCC_NO_COMMON_BLOCKS = YES;
				GCC_WARN_64_TO_32_BIT_CONVERSION = YES;
				GCC_WARN_ABOUT_RETURN_TYPE = YES_ERROR;
				GCC_WARN_UNDECLARED_SELECTOR = YES;
				GCC_WARN_UNINITIALIZED_AUTOS = YES_AGGRESSIVE;
				GCC_WARN_UNUSED_FUNCTION = YES;
				GCC_WARN_UNUSED_VARIABLE = YES;
				IPHONEOS_DEPLOYMENT_TARGET = 13.7;
				MTL_ENABLE_DEBUG_INFO = NO;
				MTL_FAST_MATH = YES;
				SDKROOT = iphoneos;
				SWIFT_COMPILATION_MODE = wholemodule;
				SWIFT_OPTIMIZATION_LEVEL = "-O";
				VALIDATE_PRODUCT = YES;
			};
			name = Release;
		};
		E3EF29DF251FBC4A007057BB /* Debug */ = {
			isa = XCBuildConfiguration;
			buildSettings = {
				ASSETCATALOG_COMPILER_APPICON_NAME = AppIcon;
				CODE_SIGN_STYLE = Automatic;
				INFOPLIST_FILE = ByteCoin/Info.plist;
				LD_RUNPATH_SEARCH_PATHS = (
					"$(inherited)",
					"@executable_path/Frameworks",
				);
				PRODUCT_BUNDLE_IDENTIFIER = com.ahmetguvez.ByteCoin;
				PRODUCT_NAME = "$(TARGET_NAME)";
				SWIFT_VERSION = 5.0;
				TARGETED_DEVICE_FAMILY = "1,2";
			};
			name = Debug;
		};
		E3EF29E0251FBC4A007057BB /* Release */ = {
			isa = XCBuildConfiguration;
			buildSettings = {
				ASSETCATALOG_COMPILER_APPICON_NAME = AppIcon;
				CODE_SIGN_STYLE = Automatic;
				INFOPLIST_FILE = ByteCoin/Info.plist;
				LD_RUNPATH_SEARCH_PATHS = (
					"$(inherited)",
					"@executable_path/Frameworks",
				);
				PRODUCT_BUNDLE_IDENTIFIER = com.ahmetguvez.ByteCoin;
				PRODUCT_NAME = "$(TARGET_NAME)";
				SWIFT_VERSION = 5.0;
				TARGETED_DEVICE_FAMILY = "1,2";
			};
			name = Release;
		};
/* End XCBuildConfiguration section */

/* Begin XCConfigurationList section */
		E3EF29C5251FBC47007057BB /* Build configuration list for PBXProject "ByteCoin" */ = {
			isa = XCConfigurationList;
			buildConfigurations = (
				E3EF29DC251FBC4A007057BB /* Debug */,
				E3EF29DD251FBC4A007057BB /* Release */,
			);
			defaultConfigurationIsVisible = 0;
			defaultConfigurationName = Release;
		};
		E3EF29DE251FBC4A007057BB /* Build configuration list for PBXNativeTarget "ByteCoin" */ = {
			isa = XCConfigurationList;
			buildConfigurations = (
				E3EF29DF251FBC4A007057BB /* Debug */,
				E3EF29E0251FBC4A007057BB /* Release */,
			);
			defaultConfigurationIsVisible = 0;
			defaultConfigurationName = Release;
		};
/* End XCConfigurationList section */
	};
	rootObject = E3EF29C2251FBC47007057BB /* Project object */;
}
